// !$*UTF8*$!
{
	archiveVersion = 1;
	classes = {
	};
	objectVersion = 50;
	objects = {

/* Begin PBXBuildFile section */
		ACF6EE70242D520900C2A3D5 /* AppDelegate.m in Sources */ = {isa = PBXBuildFile; fileRef = ACF6EE6F242D520900C2A3D5 /* AppDelegate.m */; };
		ACF6EE73242D520900C2A3D5 /* SceneDelegate.m in Sources */ = {isa = PBXBuildFile; fileRef = ACF6EE72242D520900C2A3D5 /* SceneDelegate.m */; };
		ACF6EE79242D520900C2A3D5 /* Main.storyboard in Resources */ = {isa = PBXBuildFile; fileRef = ACF6EE77242D520900C2A3D5 /* Main.storyboard */; };
		ACF6EE7B242D520C00C2A3D5 /* Assets.xcassets in Resources */ = {isa = PBXBuildFile; fileRef = ACF6EE7A242D520C00C2A3D5 /* Assets.xcassets */; };
		ACF6EE7E242D520C00C2A3D5 /* LaunchScreen.storyboard in Resources */ = {isa = PBXBuildFile; fileRef = ACF6EE7C242D520C00C2A3D5 /* LaunchScreen.storyboard */; };
		ACF6EE81242D520C00C2A3D5 /* main.m in Sources */ = {isa = PBXBuildFile; fileRef = ACF6EE80242D520C00C2A3D5 /* main.m */; };
		ACF6EE8B242D56D200C2A3D5 /* TTVSpell.m in Sources */ = {isa = PBXBuildFile; fileRef = ACF6EE8A242D56D200C2A3D5 /* TTVSpell.m */; };
/* End PBXBuildFile section */

/* Begin PBXFileReference section */
		ACF6EE6B242D520900C2A3D5 /* HarryPotterSpellLibrary.app */ = {isa = PBXFileReference; explicitFileType = wrapper.application; includeInIndex = 0; path = HarryPotterSpellLibrary.app; sourceTree = BUILT_PRODUCTS_DIR; };
		ACF6EE6E242D520900C2A3D5 /* AppDelegate.h */ = {isa = PBXFileReference; lastKnownFileType = sourcecode.c.h; path = AppDelegate.h; sourceTree = "<group>"; };
		ACF6EE6F242D520900C2A3D5 /* AppDelegate.m */ = {isa = PBXFileReference; lastKnownFileType = sourcecode.c.objc; path = AppDelegate.m; sourceTree = "<group>"; };
		ACF6EE71242D520900C2A3D5 /* SceneDelegate.h */ = {isa = PBXFileReference; lastKnownFileType = sourcecode.c.h; path = SceneDelegate.h; sourceTree = "<group>"; };
		ACF6EE72242D520900C2A3D5 /* SceneDelegate.m */ = {isa = PBXFileReference; lastKnownFileType = sourcecode.c.objc; path = SceneDelegate.m; sourceTree = "<group>"; };
		ACF6EE78242D520900C2A3D5 /* Base */ = {isa = PBXFileReference; lastKnownFileType = file.storyboard; name = Base; path = Base.lproj/Main.storyboard; sourceTree = "<group>"; };
		ACF6EE7A242D520C00C2A3D5 /* Assets.xcassets */ = {isa = PBXFileReference; lastKnownFileType = folder.assetcatalog; path = Assets.xcassets; sourceTree = "<group>"; };
		ACF6EE7D242D520C00C2A3D5 /* Base */ = {isa = PBXFileReference; lastKnownFileType = file.storyboard; name = Base; path = Base.lproj/LaunchScreen.storyboard; sourceTree = "<group>"; };
		ACF6EE7F242D520C00C2A3D5 /* Info.plist */ = {isa = PBXFileReference; lastKnownFileType = text.plist.xml; path = Info.plist; sourceTree = "<group>"; };
		ACF6EE80242D520C00C2A3D5 /* main.m */ = {isa = PBXFileReference; lastKnownFileType = sourcecode.c.objc; path = main.m; sourceTree = "<group>"; };
		ACF6EE89242D56D200C2A3D5 /* TTVSpell.h */ = {isa = PBXFileReference; lastKnownFileType = sourcecode.c.h; path = TTVSpell.h; sourceTree = "<group>"; };
		ACF6EE8A242D56D200C2A3D5 /* TTVSpell.m */ = {isa = PBXFileReference; lastKnownFileType = sourcecode.c.objc; path = TTVSpell.m; sourceTree = "<group>"; };
/* End PBXFileReference section */

/* Begin PBXFrameworksBuildPhase section */
		ACF6EE68242D520900C2A3D5 /* Frameworks */ = {
			isa = PBXFrameworksBuildPhase;
			buildActionMask = 2147483647;
			files = (
			);
			runOnlyForDeploymentPostprocessing = 0;
		};
/* End PBXFrameworksBuildPhase section */

/* Begin PBXGroup section */
		ACF6EE62242D520900C2A3D5 = {
			isa = PBXGroup;
			children = (
				ACF6EE6D242D520900C2A3D5 /* HarryPotterSpellLibrary */,
				ACF6EE6C242D520900C2A3D5 /* Products */,
			);
			sourceTree = "<group>";
		};
		ACF6EE6C242D520900C2A3D5 /* Products */ = {
			isa = PBXGroup;
			children = (
				ACF6EE6B242D520900C2A3D5 /* HarryPotterSpellLibrary.app */,
			);
			name = Products;
			sourceTree = "<group>";
		};
		ACF6EE6D242D520900C2A3D5 /* HarryPotterSpellLibrary */ = {
			isa = PBXGroup;
			children = (
				ACF6EE88242D567700C2A3D5 /* Models */,
				ACF6EE77242D520900C2A3D5 /* Main.storyboard */,
				ACF6EE87242D522900C2A3D5 /* Resources */,
			);
			path = HarryPotterSpellLibrary;
			sourceTree = "<group>";
		};
		ACF6EE87242D522900C2A3D5 /* Resources */ = {
			isa = PBXGroup;
			children = (
				ACF6EE6E242D520900C2A3D5 /* AppDelegate.h */,
				ACF6EE6F242D520900C2A3D5 /* AppDelegate.m */,
				ACF6EE71242D520900C2A3D5 /* SceneDelegate.h */,
				ACF6EE72242D520900C2A3D5 /* SceneDelegate.m */,
				ACF6EE7A242D520C00C2A3D5 /* Assets.xcassets */,
				ACF6EE7C242D520C00C2A3D5 /* LaunchScreen.storyboard */,
				ACF6EE7F242D520C00C2A3D5 /* Info.plist */,
				ACF6EE80242D520C00C2A3D5 /* main.m */,
			);
			path = Resources;
			sourceTree = "<group>";
		};
		ACF6EE88242D567700C2A3D5 /* Models */ = {
			isa = PBXGroup;
			children = (
				ACF6EE89242D56D200C2A3D5 /* TTVSpell.h */,
				ACF6EE8A242D56D200C2A3D5 /* TTVSpell.m */,
			);
			path = Models;
			sourceTree = "<group>";
		};
/* End PBXGroup section */

/* Begin PBXNativeTarget section */
		ACF6EE6A242D520900C2A3D5 /* HarryPotterSpellLibrary */ = {
			isa = PBXNativeTarget;
			buildConfigurationList = ACF6EE84242D520C00C2A3D5 /* Build configuration list for PBXNativeTarget "HarryPotterSpellLibrary" */;
			buildPhases = (
				ACF6EE67242D520900C2A3D5 /* Sources */,
				ACF6EE68242D520900C2A3D5 /* Frameworks */,
				ACF6EE69242D520900C2A3D5 /* Resources */,
			);
			buildRules = (
			);
			dependencies = (
			);
			name = HarryPotterSpellLibrary;
			productName = HarryPotterSpellLibrary;
			productReference = ACF6EE6B242D520900C2A3D5 /* HarryPotterSpellLibrary.app */;
			productType = "com.apple.product-type.application";
		};
/* End PBXNativeTarget section */

/* Begin PBXProject section */
		ACF6EE63242D520900C2A3D5 /* Project object */ = {
			isa = PBXProject;
			attributes = {
				CLASSPREFIX = TTV;
				LastUpgradeCheck = 1140;
				ORGANIZATIONNAME = "Theo Vora";
				TargetAttributes = {
					ACF6EE6A242D520900C2A3D5 = {
						CreatedOnToolsVersion = 11.4;
					};
				};
			};
			buildConfigurationList = ACF6EE66242D520900C2A3D5 /* Build configuration list for PBXProject "HarryPotterSpellLibrary" */;
			compatibilityVersion = "Xcode 9.3";
			developmentRegion = en;
			hasScannedForEncodings = 0;
			knownRegions = (
				en,
				Base,
			);
			mainGroup = ACF6EE62242D520900C2A3D5;
			productRefGroup = ACF6EE6C242D520900C2A3D5 /* Products */;
			projectDirPath = "";
			projectRoot = "";
			targets = (
				ACF6EE6A242D520900C2A3D5 /* HarryPotterSpellLibrary */,
			);
		};
/* End PBXProject section */

/* Begin PBXResourcesBuildPhase section */
		ACF6EE69242D520900C2A3D5 /* Resources */ = {
			isa = PBXResourcesBuildPhase;
			buildActionMask = 2147483647;
			files = (
				ACF6EE7E242D520C00C2A3D5 /* LaunchScreen.storyboard in Resources */,
				ACF6EE7B242D520C00C2A3D5 /* Assets.xcassets in Resources */,
				ACF6EE79242D520900C2A3D5 /* Main.storyboard in Resources */,
			);
			runOnlyForDeploymentPostprocessing = 0;
		};
/* End PBXResourcesBuildPhase section */

/* Begin PBXSourcesBuildPhase section */
		ACF6EE67242D520900C2A3D5 /* Sources */ = {
			isa = PBXSourcesBuildPhase;
			buildActionMask = 2147483647;
			files = (
				ACF6EE70242D520900C2A3D5 /* AppDelegate.m in Sources */,
				ACF6EE81242D520C00C2A3D5 /* main.m in Sources */,
				ACF6EE73242D520900C2A3D5 /* SceneDelegate.m in Sources */,
				ACF6EE8B242D56D200C2A3D5 /* TTVSpell.m in Sources */,
			);
			runOnlyForDeploymentPostprocessing = 0;
		};
/* End PBXSourcesBuildPhase section */

/* Begin PBXVariantGroup section */
		ACF6EE77242D520900C2A3D5 /* Main.storyboard */ = {
			isa = PBXVariantGroup;
			children = (
				ACF6EE78242D520900C2A3D5 /* Base */,
			);
			name = Main.storyboard;
			sourceTree = "<group>";
		};
		ACF6EE7C242D520C00C2A3D5 /* LaunchScreen.storyboard */ = {
			isa = PBXVariantGroup;
			children = (
				ACF6EE7D242D520C00C2A3D5 /* Base */,
			);
			name = LaunchScreen.storyboard;
			sourceTree = "<group>";
		};
/* End PBXVariantGroup section */

/* Begin XCBuildConfiguration section */
		ACF6EE82242D520C00C2A3D5 /* Debug */ = {
			isa = XCBuildConfiguration;
			buildSettings = {
				ALWAYS_SEARCH_USER_PATHS = NO;
				CLANG_ANALYZER_NONNULL = YES;
				CLANG_ANALYZER_NUMBER_OBJECT_CONVERSION = YES_AGGRESSIVE;
				CLANG_CXX_LANGUAGE_STANDARD = "gnu++14";
				CLANG_CXX_LIBRARY = "libc++";
				CLANG_ENABLE_MODULES = YES;
				CLANG_ENABLE_OBJC_ARC = YES;
				CLANG_ENABLE_OBJC_WEAK = YES;
				CLANG_WARN_BLOCK_CAPTURE_AUTORELEASING = YES;
				CLANG_WARN_BOOL_CONVERSION = YES;
				CLANG_WARN_COMMA = YES;
				CLANG_WARN_CONSTANT_CONVERSION = YES;
				CLANG_WARN_DEPRECATED_OBJC_IMPLEMENTATIONS = YES;
				CLANG_WARN_DIRECT_OBJC_ISA_USAGE = YES_ERROR;
				CLANG_WARN_DOCUMENTATION_COMMENTS = YES;
				CLANG_WARN_EMPTY_BODY = YES;
				CLANG_WARN_ENUM_CONVERSION = YES;
				CLANG_WARN_INFINITE_RECURSION = YES;
				CLANG_WARN_INT_CONVERSION = YES;
				CLANG_WARN_NON_LITERAL_NULL_CONVERSION = YES;
				CLANG_WARN_OBJC_IMPLICIT_RETAIN_SELF = YES;
				CLANG_WARN_OBJC_LITERAL_CONVERSION = YES;
				CLANG_WARN_OBJC_ROOT_CLASS = YES_ERROR;
				CLANG_WARN_RANGE_LOOP_ANALYSIS = YES;
				CLANG_WARN_STRICT_PROTOTYPES = YES;
				CLANG_WARN_SUSPICIOUS_MOVE = YES;
				CLANG_WARN_UNGUARDED_AVAILABILITY = YES_AGGRESSIVE;
				CLANG_WARN_UNREACHABLE_CODE = YES;
				CLANG_WARN__DUPLICATE_METHOD_MATCH = YES;
				COPY_PHASE_STRIP = NO;
				DEBUG_INFORMATION_FORMAT = dwarf;
				ENABLE_STRICT_OBJC_MSGSEND = YES;
				ENABLE_TESTABILITY = YES;
				GCC_C_LANGUAGE_STANDARD = gnu11;
				GCC_DYNAMIC_NO_PIC = NO;
				GCC_NO_COMMON_BLOCKS = YES;
				GCC_OPTIMIZATION_LEVEL = 0;
				GCC_PREPROCESSOR_DEFINITIONS = (
					"DEBUG=1",
					"$(inherited)",
				);
				GCC_WARN_64_TO_32_BIT_CONVERSION = YES;
				GCC_WARN_ABOUT_RETURN_TYPE = YES_ERROR;
				GCC_WARN_UNDECLARED_SELECTOR = YES;
				GCC_WARN_UNINITIALIZED_AUTOS = YES_AGGRESSIVE;
				GCC_WARN_UNUSED_FUNCTION = YES;
				GCC_WARN_UNUSED_VARIABLE = YES;
				IPHONEOS_DEPLOYMENT_TARGET = 13.4;
				MTL_ENABLE_DEBUG_INFO = INCLUDE_SOURCE;
				MTL_FAST_MATH = YES;
				ONLY_ACTIVE_ARCH = YES;
				SDKROOT = iphoneos;
			};
			name = Debug;
		};
		ACF6EE83242D520C00C2A3D5 /* Release */ = {
			isa = XCBuildConfiguration;
			buildSettings = {
				ALWAYS_SEARCH_USER_PATHS = NO;
				CLANG_ANALYZER_NONNULL = YES;
				CLANG_ANALYZER_NUMBER_OBJECT_CONVERSION = YES_AGGRESSIVE;
				CLANG_CXX_LANGUAGE_STANDARD = "gnu++14";
				CLANG_CXX_LIBRARY = "libc++";
				CLANG_ENABLE_MODULES = YES;
				CLANG_ENABLE_OBJC_ARC = YES;
				CLANG_ENABLE_OBJC_WEAK = YES;
				CLANG_WARN_BLOCK_CAPTURE_AUTORELEASING = YES;
				CLANG_WARN_BOOL_CONVERSION = YES;
				CLANG_WARN_COMMA = YES;
				CLANG_WARN_CONSTANT_CONVERSION = YES;
				CLANG_WARN_DEPRECATED_OBJC_IMPLEMENTATIONS = YES;
				CLANG_WARN_DIRECT_OBJC_ISA_USAGE = YES_ERROR;
				CLANG_WARN_DOCUMENTATION_COMMENTS = YES;
				CLANG_WARN_EMPTY_BODY = YES;
				CLANG_WARN_ENUM_CONVERSION = YES;
				CLANG_WARN_INFINITE_RECURSION = YES;
				CLANG_WARN_INT_CONVERSION = YES;
				CLANG_WARN_NON_LITERAL_NULL_CONVERSION = YES;
				CLANG_WARN_OBJC_IMPLICIT_RETAIN_SELF = YES;
				CLANG_WARN_OBJC_LITERAL_CONVERSION = YES;
				CLANG_WARN_OBJC_ROOT_CLASS = YES_ERROR;
				CLANG_WARN_RANGE_LOOP_ANALYSIS = YES;
				CLANG_WARN_STRICT_PROTOTYPES = YES;
				CLANG_WARN_SUSPICIOUS_MOVE = YES;
				CLANG_WARN_UNGUARDED_AVAILABILITY = YES_AGGRESSIVE;
				CLANG_WARN_UNREACHABLE_CODE = YES;
				CLANG_WARN__DUPLICATE_METHOD_MATCH = YES;
				COPY_PHASE_STRIP = NO;
				DEBUG_INFORMATION_FORMAT = "dwarf-with-dsym";
				ENABLE_NS_ASSERTIONS = NO;
				ENABLE_STRICT_OBJC_MSGSEND = YES;
				GCC_C_LANGUAGE_STANDARD = gnu11;
				GCC_NO_COMMON_BLOCKS = YES;
				GCC_WARN_64_TO_32_BIT_CONVERSION = YES;
				GCC_WARN_ABOUT_RETURN_TYPE = YES_ERROR;
				GCC_WARN_UNDECLARED_SELECTOR = YES;
				GCC_WARN_UNINITIALIZED_AUTOS = YES_AGGRESSIVE;
				GCC_WARN_UNUSED_FUNCTION = YES;
				GCC_WARN_UNUSED_VARIABLE = YES;
				IPHONEOS_DEPLOYMENT_TARGET = 13.4;
				MTL_ENABLE_DEBUG_INFO = NO;
				MTL_FAST_MATH = YES;
				SDKROOT = iphoneos;
				VALIDATE_PRODUCT = YES;
			};
			name = Release;
		};
		ACF6EE85242D520C00C2A3D5 /* Debug */ = {
			isa = XCBuildConfiguration;
			buildSettings = {
				ASSETCATALOG_COMPILER_APPICON_NAME = AppIcon;
				CODE_SIGN_STYLE = Automatic;
				INFOPLIST_FILE = HarryPotterSpellLibrary/Resources/Info.plist;
				LD_RUNPATH_SEARCH_PATHS = (
					"$(inherited)",
					"@executable_path/Frameworks",
				);
				PRODUCT_BUNDLE_IDENTIFIER = com.poundsand.HarryPotterSpellLibrary;
				PRODUCT_NAME = "$(TARGET_NAME)";
				TARGETED_DEVICE_FAMILY = "1,2";
			};
			name = Debug;
		};
		ACF6EE86242D520C00C2A3D5 /* Release */ = {
			isa = XCBuildConfiguration;
			buildSettings = {
				ASSETCATALOG_COMPILER_APPICON_NAME = AppIcon;
				CODE_SIGN_STYLE = Automatic;
				INFOPLIST_FILE = HarryPotterSpellLibrary/Resources/Info.plist;
				LD_RUNPATH_SEARCH_PATHS = (
					"$(inherited)",
					"@executable_path/Frameworks",
				);
				PRODUCT_BUNDLE_IDENTIFIER = com.poundsand.HarryPotterSpellLibrary;
				PRODUCT_NAME = "$(TARGET_NAME)";
				TARGETED_DEVICE_FAMILY = "1,2";
			};
			name = Release;
		};
/* End XCBuildConfiguration section */

/* Begin XCConfigurationList section */
		ACF6EE66242D520900C2A3D5 /* Build configuration list for PBXProject "HarryPotterSpellLibrary" */ = {
			isa = XCConfigurationList;
			buildConfigurations = (
				ACF6EE82242D520C00C2A3D5 /* Debug */,
				ACF6EE83242D520C00C2A3D5 /* Release */,
			);
			defaultConfigurationIsVisible = 0;
			defaultConfigurationName = Release;
		};
		ACF6EE84242D520C00C2A3D5 /* Build configuration list for PBXNativeTarget "HarryPotterSpellLibrary" */ = {
			isa = XCConfigurationList;
			buildConfigurations = (
				ACF6EE85242D520C00C2A3D5 /* Debug */,
				ACF6EE86242D520C00C2A3D5 /* Release */,
			);
			defaultConfigurationIsVisible = 0;
			defaultConfigurationName = Release;
		};
/* End XCConfigurationList section */
	};
	rootObject = ACF6EE63242D520900C2A3D5 /* Project object */;
}
